// !$*UTF8*$!
{
	archiveVersion = 1;
	classes = {
	};
	objectVersion = 50;
	objects = {

/* Begin PBXBuildFile section */
		714B01FC21B94CC00044F12C /* PageViewController.swift in Sources */ = {isa = PBXBuildFile; fileRef = 714B01FB21B94CC00044F12C /* PageViewController.swift */; };
		7174EE1421B5FC450029CE93 /* GoingOutViewController.swift in Sources */ = {isa = PBXBuildFile; fileRef = 7174EE1321B5FC450029CE93 /* GoingOutViewController.swift */; };
		7195B55121B4BE78006F6FA3 /* AppDelegate.swift in Sources */ = {isa = PBXBuildFile; fileRef = 7195B55021B4BE78006F6FA3 /* AppDelegate.swift */; };
		7195B55321B4BE78006F6FA3 /* GangViewController.swift in Sources */ = {isa = PBXBuildFile; fileRef = 7195B55221B4BE78006F6FA3 /* GangViewController.swift */; };
		7195B55521B4BE78006F6FA3 /* CombosViewController.swift in Sources */ = {isa = PBXBuildFile; fileRef = 7195B55421B4BE78006F6FA3 /* CombosViewController.swift */; };
		7195B55821B4BE78006F6FA3 /* Main.storyboard in Resources */ = {isa = PBXBuildFile; fileRef = 7195B55621B4BE78006F6FA3 /* Main.storyboard */; };
		7195B55A21B4BE78006F6FA3 /* Assets.xcassets in Resources */ = {isa = PBXBuildFile; fileRef = 7195B55921B4BE78006F6FA3 /* Assets.xcassets */; };
		7195B55D21B4BE78006F6FA3 /* LaunchScreen.storyboard in Resources */ = {isa = PBXBuildFile; fileRef = 7195B55B21B4BE78006F6FA3 /* LaunchScreen.storyboard */; };
		7195B56821B4BE78006F6FA3 /* BirdGangTests.swift in Sources */ = {isa = PBXBuildFile; fileRef = 7195B56721B4BE78006F6FA3 /* BirdGangTests.swift */; };
		7195B57521B4C7C1006F6FA3 /* DishViewController.swift in Sources */ = {isa = PBXBuildFile; fileRef = 7195B57421B4C7C1006F6FA3 /* DishViewController.swift */; };
		7195B57721B4CCF5006F6FA3 /* SmashViewController.swift in Sources */ = {isa = PBXBuildFile; fileRef = 7195B57621B4CCF5006F6FA3 /* SmashViewController.swift */; };
		7CE6B3F2B3627A4D209484D9 /* libPods-BirdGang.a in Frameworks */ = {isa = PBXBuildFile; fileRef = 4907A91777568EFD508E240C /* libPods-BirdGang.a */; };
		F20CF36921D444C7002B62FA /* CapitalsViewController.swift in Sources */ = {isa = PBXBuildFile; fileRef = F20CF36821D444C7002B62FA /* CapitalsViewController.swift */; };
/* End PBXBuildFile section */

/* Begin PBXContainerItemProxy section */
		7195B56421B4BE78006F6FA3 /* PBXContainerItemProxy */ = {
			isa = PBXContainerItemProxy;
			containerPortal = 7195B54521B4BE78006F6FA3 /* Project object */;
			proxyType = 1;
			remoteGlobalIDString = 7195B54C21B4BE78006F6FA3;
			remoteInfo = BirdGang;
		};
/* End PBXContainerItemProxy section */

/* Begin PBXFileReference section */
		4907A91777568EFD508E240C /* libPods-BirdGang.a */ = {isa = PBXFileReference; explicitFileType = archive.ar; includeInIndex = 0; path = "libPods-BirdGang.a"; sourceTree = BUILT_PRODUCTS_DIR; };
		575FB7337D71E5A7DA520018 /* Pods-BirdGang.debug.xcconfig */ = {isa = PBXFileReference; includeInIndex = 1; lastKnownFileType = text.xcconfig; name = "Pods-BirdGang.debug.xcconfig"; path = "Pods/Target Support Files/Pods-BirdGang/Pods-BirdGang.debug.xcconfig"; sourceTree = "<group>"; };
		714B01FB21B94CC00044F12C /* PageViewController.swift */ = {isa = PBXFileReference; lastKnownFileType = sourcecode.swift; path = PageViewController.swift; sourceTree = "<group>"; };
		7174EE1321B5FC450029CE93 /* GoingOutViewController.swift */ = {isa = PBXFileReference; lastKnownFileType = sourcecode.swift; path = GoingOutViewController.swift; sourceTree = "<group>"; };
		7195B54D21B4BE78006F6FA3 /* BirdGang.app */ = {isa = PBXFileReference; explicitFileType = wrapper.application; includeInIndex = 0; path = BirdGang.app; sourceTree = BUILT_PRODUCTS_DIR; };
		7195B55021B4BE78006F6FA3 /* AppDelegate.swift */ = {isa = PBXFileReference; lastKnownFileType = sourcecode.swift; path = AppDelegate.swift; sourceTree = "<group>"; };
		7195B55221B4BE78006F6FA3 /* GangViewController.swift */ = {isa = PBXFileReference; lastKnownFileType = sourcecode.swift; path = GangViewController.swift; sourceTree = "<group>"; };
		7195B55421B4BE78006F6FA3 /* CombosViewController.swift */ = {isa = PBXFileReference; lastKnownFileType = sourcecode.swift; path = CombosViewController.swift; sourceTree = "<group>"; };
		7195B55721B4BE78006F6FA3 /* Base */ = {isa = PBXFileReference; lastKnownFileType = file.storyboard; name = Base; path = Base.lproj/Main.storyboard; sourceTree = "<group>"; };
		7195B55921B4BE78006F6FA3 /* Assets.xcassets */ = {isa = PBXFileReference; lastKnownFileType = folder.assetcatalog; path = Assets.xcassets; sourceTree = "<group>"; };
		7195B55C21B4BE78006F6FA3 /* Base */ = {isa = PBXFileReference; lastKnownFileType = file.storyboard; name = Base; path = Base.lproj/LaunchScreen.storyboard; sourceTree = "<group>"; };
		7195B55E21B4BE78006F6FA3 /* Info.plist */ = {isa = PBXFileReference; lastKnownFileType = text.plist.xml; path = Info.plist; sourceTree = "<group>"; };
		7195B56321B4BE78006F6FA3 /* BirdGangTests.xctest */ = {isa = PBXFileReference; explicitFileType = wrapper.cfbundle; includeInIndex = 0; path = BirdGangTests.xctest; sourceTree = BUILT_PRODUCTS_DIR; };
		7195B56721B4BE78006F6FA3 /* BirdGangTests.swift */ = {isa = PBXFileReference; lastKnownFileType = sourcecode.swift; path = BirdGangTests.swift; sourceTree = "<group>"; };
		7195B56921B4BE78006F6FA3 /* Info.plist */ = {isa = PBXFileReference; lastKnownFileType = text.plist.xml; path = Info.plist; sourceTree = "<group>"; };
		7195B57421B4C7C1006F6FA3 /* DishViewController.swift */ = {isa = PBXFileReference; lastKnownFileType = sourcecode.swift; path = DishViewController.swift; sourceTree = "<group>"; };
		7195B57621B4CCF5006F6FA3 /* SmashViewController.swift */ = {isa = PBXFileReference; lastKnownFileType = sourcecode.swift; path = SmashViewController.swift; sourceTree = "<group>"; };
		9034400E15B838C58B94E7B2 /* Pods-BirdGang.release.xcconfig */ = {isa = PBXFileReference; includeInIndex = 1; lastKnownFileType = text.xcconfig; name = "Pods-BirdGang.release.xcconfig"; path = "Pods/Target Support Files/Pods-BirdGang/Pods-BirdGang.release.xcconfig"; sourceTree = "<group>"; };
		F20CF36821D444C7002B62FA /* CapitalsViewController.swift */ = {isa = PBXFileReference; fileEncoding = 4; lastKnownFileType = sourcecode.swift; name = CapitalsViewController.swift; path = ../../Desktop/Coding/Capitals/Capitals/CapitalsViewController.swift; sourceTree = "<group>"; };
/* End PBXFileReference section */

/* Begin PBXFrameworksBuildPhase section */
		7195B54A21B4BE78006F6FA3 /* Frameworks */ = {
			isa = PBXFrameworksBuildPhase;
			buildActionMask = 2147483647;
			files = (
				7CE6B3F2B3627A4D209484D9 /* libPods-BirdGang.a in Frameworks */,
			);
			runOnlyForDeploymentPostprocessing = 0;
		};
		7195B56021B4BE78006F6FA3 /* Frameworks */ = {
			isa = PBXFrameworksBuildPhase;
			buildActionMask = 2147483647;
			files = (
			);
			runOnlyForDeploymentPostprocessing = 0;
		};
/* End PBXFrameworksBuildPhase section */

/* Begin PBXGroup section */
		09AA497488431E877D90C03F /* Pods */ = {
			isa = PBXGroup;
			children = (
				575FB7337D71E5A7DA520018 /* Pods-BirdGang.debug.xcconfig */,
				9034400E15B838C58B94E7B2 /* Pods-BirdGang.release.xcconfig */,
			);
			name = Pods;
			sourceTree = "<group>";
		};
		7195B54421B4BE78006F6FA3 = {
			isa = PBXGroup;
			children = (
				7195B54F21B4BE78006F6FA3 /* BirdGang */,
				7195B56621B4BE78006F6FA3 /* BirdGangTests */,
				7195B54E21B4BE78006F6FA3 /* Products */,
				09AA497488431E877D90C03F /* Pods */,
				7F0C1C72134CF39BD2FDAEAE /* Frameworks */,
			);
			sourceTree = "<group>";
		};
		7195B54E21B4BE78006F6FA3 /* Products */ = {
			isa = PBXGroup;
			children = (
				7195B54D21B4BE78006F6FA3 /* BirdGang.app */,
				7195B56321B4BE78006F6FA3 /* BirdGangTests.xctest */,
			);
			name = Products;
			sourceTree = "<group>";
		};
		7195B54F21B4BE78006F6FA3 /* BirdGang */ = {
			isa = PBXGroup;
			children = (
				7195B57421B4C7C1006F6FA3 /* DishViewController.swift */,
				F20CF36821D444C7002B62FA /* CapitalsViewController.swift */,
				7195B55021B4BE78006F6FA3 /* AppDelegate.swift */,
				7195B55221B4BE78006F6FA3 /* GangViewController.swift */,
				7195B55421B4BE78006F6FA3 /* CombosViewController.swift */,
				7195B55621B4BE78006F6FA3 /* Main.storyboard */,
				7195B55921B4BE78006F6FA3 /* Assets.xcassets */,
				7195B55B21B4BE78006F6FA3 /* LaunchScreen.storyboard */,
				7195B55E21B4BE78006F6FA3 /* Info.plist */,
				7195B57621B4CCF5006F6FA3 /* SmashViewController.swift */,
				7174EE1321B5FC450029CE93 /* GoingOutViewController.swift */,
				714B01FB21B94CC00044F12C /* PageViewController.swift */,
			);
			path = BirdGang;
			sourceTree = "<group>";
		};
		7195B56621B4BE78006F6FA3 /* BirdGangTests */ = {
			isa = PBXGroup;
			children = (
				7195B56721B4BE78006F6FA3 /* BirdGangTests.swift */,
				7195B56921B4BE78006F6FA3 /* Info.plist */,
			);
			path = BirdGangTests;
			sourceTree = "<group>";
		};
		7F0C1C72134CF39BD2FDAEAE /* Frameworks */ = {
			isa = PBXGroup;
			children = (
				4907A91777568EFD508E240C /* libPods-BirdGang.a */,
			);
			name = Frameworks;
			sourceTree = "<group>";
		};
/* End PBXGroup section */

/* Begin PBXNativeTarget section */
		7195B54C21B4BE78006F6FA3 /* BirdGang */ = {
			isa = PBXNativeTarget;
			buildConfigurationList = 7195B56C21B4BE78006F6FA3 /* Build configuration list for PBXNativeTarget "BirdGang" */;
			buildPhases = (
				FBF7D3CC03E997B33A2F662E /* [CP] Check Pods Manifest.lock */,
				7195B54921B4BE78006F6FA3 /* Sources */,
				7195B54A21B4BE78006F6FA3 /* Frameworks */,
				7195B54B21B4BE78006F6FA3 /* Resources */,
				9D9F09450412B0477D695D91 /* [CP] Copy Pods Resources */,
			);
			buildRules = (
			);
			dependencies = (
			);
			name = BirdGang;
			productName = BirdGang;
			productReference = 7195B54D21B4BE78006F6FA3 /* BirdGang.app */;
			productType = "com.apple.product-type.application";
		};
		7195B56221B4BE78006F6FA3 /* BirdGangTests */ = {
			isa = PBXNativeTarget;
			buildConfigurationList = 7195B56F21B4BE78006F6FA3 /* Build configuration list for PBXNativeTarget "BirdGangTests" */;
			buildPhases = (
				7195B55F21B4BE78006F6FA3 /* Sources */,
				7195B56021B4BE78006F6FA3 /* Frameworks */,
				7195B56121B4BE78006F6FA3 /* Resources */,
			);
			buildRules = (
			);
			dependencies = (
				7195B56521B4BE78006F6FA3 /* PBXTargetDependency */,
			);
			name = BirdGangTests;
			productName = BirdGangTests;
			productReference = 7195B56321B4BE78006F6FA3 /* BirdGangTests.xctest */;
			productType = "com.apple.product-type.bundle.unit-test";
		};
/* End PBXNativeTarget section */

/* Begin PBXProject section */
		7195B54521B4BE78006F6FA3 /* Project object */ = {
			isa = PBXProject;
			attributes = {
				LastSwiftUpdateCheck = 1010;
				LastUpgradeCheck = 1010;
				ORGANIZATIONNAME = "Chris Richardson";
				TargetAttributes = {
					7195B54C21B4BE78006F6FA3 = {
						CreatedOnToolsVersion = 10.1;
					};
					7195B56221B4BE78006F6FA3 = {
						CreatedOnToolsVersion = 10.1;
						TestTargetID = 7195B54C21B4BE78006F6FA3;
					};
				};
			};
			buildConfigurationList = 7195B54821B4BE78006F6FA3 /* Build configuration list for PBXProject "BirdGang" */;
			compatibilityVersion = "Xcode 9.3";
			developmentRegion = en;
			hasScannedForEncodings = 0;
			knownRegions = (
				en,
				Base,
			);
			mainGroup = 7195B54421B4BE78006F6FA3;
			productRefGroup = 7195B54E21B4BE78006F6FA3 /* Products */;
			projectDirPath = "";
			projectRoot = "";
			targets = (
				7195B54C21B4BE78006F6FA3 /* BirdGang */,
				7195B56221B4BE78006F6FA3 /* BirdGangTests */,
			);
		};
/* End PBXProject section */

/* Begin PBXResourcesBuildPhase section */
		7195B54B21B4BE78006F6FA3 /* Resources */ = {
			isa = PBXResourcesBuildPhase;
			buildActionMask = 2147483647;
			files = (
				7195B55D21B4BE78006F6FA3 /* LaunchScreen.storyboard in Resources */,
				7195B55A21B4BE78006F6FA3 /* Assets.xcassets in Resources */,
				7195B55821B4BE78006F6FA3 /* Main.storyboard in Resources */,
			);
			runOnlyForDeploymentPostprocessing = 0;
		};
		7195B56121B4BE78006F6FA3 /* Resources */ = {
			isa = PBXResourcesBuildPhase;
			buildActionMask = 2147483647;
			files = (
			);
			runOnlyForDeploymentPostprocessing = 0;
		};
/* End PBXResourcesBuildPhase section */

/* Begin PBXShellScriptBuildPhase section */
		9D9F09450412B0477D695D91 /* [CP] Copy Pods Resources */ = {
			isa = PBXShellScriptBuildPhase;
			buildActionMask = 2147483647;
			files = (
			);
			inputFileListPaths = (
			);
			inputPaths = (
				"${SRCROOT}/Pods/Target Support Files/Pods-BirdGang/Pods-BirdGang-resources.sh",
				"${PODS_ROOT}/GoogleMaps/Maps/Frameworks/GoogleMaps.framework/Resources/GoogleMaps.bundle",
				"${PODS_ROOT}/GooglePlaces/Frameworks/GooglePlaces.framework/Resources/GooglePlaces.bundle",
			);
			name = "[CP] Copy Pods Resources";
			outputFileListPaths = (
			);
			outputPaths = (
				"${TARGET_BUILD_DIR}/${UNLOCALIZED_RESOURCES_FOLDER_PATH}/GoogleMaps.bundle",
				"${TARGET_BUILD_DIR}/${UNLOCALIZED_RESOURCES_FOLDER_PATH}/GooglePlaces.bundle",
			);
			runOnlyForDeploymentPostprocessing = 0;
			shellPath = /bin/sh;
			shellScript = "\"${SRCROOT}/Pods/Target Support Files/Pods-BirdGang/Pods-BirdGang-resources.sh\"\n";
			showEnvVarsInLog = 0;
		};
		FBF7D3CC03E997B33A2F662E /* [CP] Check Pods Manifest.lock */ = {
			isa = PBXShellScriptBuildPhase;
			buildActionMask = 2147483647;
			files = (
			);
			inputFileListPaths = (
			);
			inputPaths = (
				"${PODS_PODFILE_DIR_PATH}/Podfile.lock",
				"${PODS_ROOT}/Manifest.lock",
			);
			name = "[CP] Check Pods Manifest.lock";
			outputFileListPaths = (
			);
			outputPaths = (
				"$(DERIVED_FILE_DIR)/Pods-BirdGang-checkManifestLockResult.txt",
			);
			runOnlyForDeploymentPostprocessing = 0;
			shellPath = /bin/sh;
			shellScript = "diff \"${PODS_PODFILE_DIR_PATH}/Podfile.lock\" \"${PODS_ROOT}/Manifest.lock\" > /dev/null\nif [ $? != 0 ] ; then\n    # print error to STDERR\n    echo \"error: The sandbox is not in sync with the Podfile.lock. Run 'pod install' or update your CocoaPods installation.\" >&2\n    exit 1\nfi\n# This output is used by Xcode 'outputs' to avoid re-running this script phase.\necho \"SUCCESS\" > \"${SCRIPT_OUTPUT_FILE_0}\"\n";
			showEnvVarsInLog = 0;
		};
/* End PBXShellScriptBuildPhase section */

/* Begin PBXSourcesBuildPhase section */
		7195B54921B4BE78006F6FA3 /* Sources */ = {
			isa = PBXSourcesBuildPhase;
			buildActionMask = 2147483647;
			files = (
				7195B55521B4BE78006F6FA3 /* CombosViewController.swift in Sources */,
				714B01FC21B94CC00044F12C /* PageViewController.swift in Sources */,
				7195B57721B4CCF5006F6FA3 /* SmashViewController.swift in Sources */,
				7174EE1421B5FC450029CE93 /* GoingOutViewController.swift in Sources */,
				7195B55121B4BE78006F6FA3 /* AppDelegate.swift in Sources */,
				7195B57521B4C7C1006F6FA3 /* DishViewController.swift in Sources */,
				7195B55321B4BE78006F6FA3 /* GangViewController.swift in Sources */,
				F20CF36921D444C7002B62FA /* CapitalsViewController.swift in Sources */,
			);
			runOnlyForDeploymentPostprocessing = 0;
		};
		7195B55F21B4BE78006F6FA3 /* Sources */ = {
			isa = PBXSourcesBuildPhase;
			buildActionMask = 2147483647;
			files = (
				7195B56821B4BE78006F6FA3 /* BirdGangTests.swift in Sources */,
			);
			runOnlyForDeploymentPostprocessing = 0;
		};
/* End PBXSourcesBuildPhase section */

/* Begin PBXTargetDependency section */
		7195B56521B4BE78006F6FA3 /* PBXTargetDependency */ = {
			isa = PBXTargetDependency;
			target = 7195B54C21B4BE78006F6FA3 /* BirdGang */;
			targetProxy = 7195B56421B4BE78006F6FA3 /* PBXContainerItemProxy */;
		};
/* End PBXTargetDependency section */

/* Begin PBXVariantGroup section */
		7195B55621B4BE78006F6FA3 /* Main.storyboard */ = {
			isa = PBXVariantGroup;
			children = (
				7195B55721B4BE78006F6FA3 /* Base */,
			);
			name = Main.storyboard;
			sourceTree = "<group>";
		};
		7195B55B21B4BE78006F6FA3 /* LaunchScreen.storyboard */ = {
			isa = PBXVariantGroup;
			children = (
				7195B55C21B4BE78006F6FA3 /* Base */,
			);
			name = LaunchScreen.storyboard;
			sourceTree = "<group>";
		};
/* End PBXVariantGroup section */

/* Begin XCBuildConfiguration section */
		7195B56A21B4BE78006F6FA3 /* Debug */ = {
			isa = XCBuildConfiguration;
			buildSettings = {
				ALWAYS_SEARCH_USER_PATHS = NO;
				CLANG_ANALYZER_NONNULL = YES;
				CLANG_ANALYZER_NUMBER_OBJECT_CONVERSION = YES_AGGRESSIVE;
				CLANG_CXX_LANGUAGE_STANDARD = "gnu++14";
				CLANG_CXX_LIBRARY = "libc++";
				CLANG_ENABLE_MODULES = YES;
				CLANG_ENABLE_OBJC_ARC = YES;
				CLANG_ENABLE_OBJC_WEAK = YES;
				CLANG_WARN_BLOCK_CAPTURE_AUTORELEASING = YES;
				CLANG_WARN_BOOL_CONVERSION = YES;
				CLANG_WARN_COMMA = YES;
				CLANG_WARN_CONSTANT_CONVERSION = YES;
				CLANG_WARN_DEPRECATED_OBJC_IMPLEMENTATIONS = YES;
				CLANG_WARN_DIRECT_OBJC_ISA_USAGE = YES_ERROR;
				CLANG_WARN_DOCUMENTATION_COMMENTS = YES;
				CLANG_WARN_EMPTY_BODY = YES;
				CLANG_WARN_ENUM_CONVERSION = YES;
				CLANG_WARN_INFINITE_RECURSION = YES;
				CLANG_WARN_INT_CONVERSION = YES;
				CLANG_WARN_NON_LITERAL_NULL_CONVERSION = YES;
				CLANG_WARN_OBJC_IMPLICIT_RETAIN_SELF = YES;
				CLANG_WARN_OBJC_LITERAL_CONVERSION = YES;
				CLANG_WARN_OBJC_ROOT_CLASS = YES_ERROR;
				CLANG_WARN_RANGE_LOOP_ANALYSIS = YES;
				CLANG_WARN_STRICT_PROTOTYPES = YES;
				CLANG_WARN_SUSPICIOUS_MOVE = YES;
				CLANG_WARN_UNGUARDED_AVAILABILITY = YES_AGGRESSIVE;
				CLANG_WARN_UNREACHABLE_CODE = YES;
				CLANG_WARN__DUPLICATE_METHOD_MATCH = YES;
				CODE_SIGN_IDENTITY = "iPhone Developer";
				COPY_PHASE_STRIP = NO;
				DEBUG_INFORMATION_FORMAT = dwarf;
				ENABLE_STRICT_OBJC_MSGSEND = YES;
				ENABLE_TESTABILITY = YES;
				GCC_C_LANGUAGE_STANDARD = gnu11;
				GCC_DYNAMIC_NO_PIC = NO;
				GCC_NO_COMMON_BLOCKS = YES;
				GCC_OPTIMIZATION_LEVEL = 0;
				GCC_PREPROCESSOR_DEFINITIONS = (
					"DEBUG=1",
					"$(inherited)",
				);
				GCC_WARN_64_TO_32_BIT_CONVERSION = YES;
				GCC_WARN_ABOUT_RETURN_TYPE = YES_ERROR;
				GCC_WARN_UNDECLARED_SELECTOR = YES;
				GCC_WARN_UNINITIALIZED_AUTOS = YES_AGGRESSIVE;
				GCC_WARN_UNUSED_FUNCTION = YES;
				GCC_WARN_UNUSED_VARIABLE = YES;
				IPHONEOS_DEPLOYMENT_TARGET = 12.1;
				MTL_ENABLE_DEBUG_INFO = INCLUDE_SOURCE;
				MTL_FAST_MATH = YES;
				ONLY_ACTIVE_ARCH = YES;
				SDKROOT = iphoneos;
				SWIFT_ACTIVE_COMPILATION_CONDITIONS = DEBUG;
				SWIFT_OPTIMIZATION_LEVEL = "-Onone";
			};
			name = Debug;
		};
		7195B56B21B4BE78006F6FA3 /* Release */ = {
			isa = XCBuildConfiguration;
			buildSettings = {
				ALWAYS_SEARCH_USER_PATHS = NO;
				CLANG_ANALYZER_NONNULL = YES;
				CLANG_ANALYZER_NUMBER_OBJECT_CONVERSION = YES_AGGRESSIVE;
				CLANG_CXX_LANGUAGE_STANDARD = "gnu++14";
				CLANG_CXX_LIBRARY = "libc++";
				CLANG_ENABLE_MODULES = YES;
				CLANG_ENABLE_OBJC_ARC = YES;
				CLANG_ENABLE_OBJC_WEAK = YES;
				CLANG_WARN_BLOCK_CAPTURE_AUTORELEASING = YES;
				CLANG_WARN_BOOL_CONVERSION = YES;
				CLANG_WARN_COMMA = YES;
				CLANG_WARN_CONSTANT_CONVERSION = YES;
				CLANG_WARN_DEPRECATED_OBJC_IMPLEMENTATIONS = YES;
				CLANG_WARN_DIRECT_OBJC_ISA_USAGE = YES_ERROR;
				CLANG_WARN_DOCUMENTATION_COMMENTS = YES;
				CLANG_WARN_EMPTY_BODY = YES;
				CLANG_WARN_ENUM_CONVERSION = YES;
				CLANG_WARN_INFINITE_RECURSION = YES;
				CLANG_WARN_INT_CONVERSION = YES;
				CLANG_WARN_NON_LITERAL_NULL_CONVERSION = YES;
				CLANG_WARN_OBJC_IMPLICIT_RETAIN_SELF = YES;
				CLANG_WARN_OBJC_LITERAL_CONVERSION = YES;
				CLANG_WARN_OBJC_ROOT_CLASS = YES_ERROR;
				CLANG_WARN_RANGE_LOOP_ANALYSIS = YES;
				CLANG_WARN_STRICT_PROTOTYPES = YES;
				CLANG_WARN_SUSPICIOUS_MOVE = YES;
				CLANG_WARN_UNGUARDED_AVAILABILITY = YES_AGGRESSIVE;
				CLANG_WARN_UNREACHABLE_CODE = YES;
				CLANG_WARN__DUPLICATE_METHOD_MATCH = YES;
				CODE_SIGN_IDENTITY = "iPhone Developer";
				COPY_PHASE_STRIP = NO;
				DEBUG_INFORMATION_FORMAT = "dwarf-with-dsym";
				ENABLE_NS_ASSERTIONS = NO;
				ENABLE_STRICT_OBJC_MSGSEND = YES;
				GCC_C_LANGUAGE_STANDARD = gnu11;
				GCC_NO_COMMON_BLOCKS = YES;
				GCC_WARN_64_TO_32_BIT_CONVERSION = YES;
				GCC_WARN_ABOUT_RETURN_TYPE = YES_ERROR;
				GCC_WARN_UNDECLARED_SELECTOR = YES;
				GCC_WARN_UNINITIALIZED_AUTOS = YES_AGGRESSIVE;
				GCC_WARN_UNUSED_FUNCTION = YES;
				GCC_WARN_UNUSED_VARIABLE = YES;
				IPHONEOS_DEPLOYMENT_TARGET = 12.1;
				MTL_ENABLE_DEBUG_INFO = NO;
				MTL_FAST_MATH = YES;
				SDKROOT = iphoneos;
				SWIFT_COMPILATION_MODE = wholemodule;
				SWIFT_OPTIMIZATION_LEVEL = "-O";
				VALIDATE_PRODUCT = YES;
			};
			name = Release;
		};
		7195B56D21B4BE78006F6FA3 /* Debug */ = {
			isa = XCBuildConfiguration;
			baseConfigurationReference = 575FB7337D71E5A7DA520018 /* Pods-BirdGang.debug.xcconfig */;
			buildSettings = {
				ASSETCATALOG_COMPILER_APPICON_NAME = AppIcon;
				CODE_SIGN_STYLE = Automatic;
				DEVELOPMENT_TEAM = WQ3Z6M7DVG;
				INFOPLIST_FILE = BirdGang/Info.plist;
				LD_RUNPATH_SEARCH_PATHS = (
					"$(inherited)",
					"@executable_path/Frameworks",
				);
				PRODUCT_BUNDLE_IDENTIFIER = com.example.BirdGang;
				PRODUCT_NAME = "$(TARGET_NAME)";
				SWIFT_VERSION = 4.2;
				TARGETED_DEVICE_FAMILY = "1,2";
			};
			name = Debug;
		};
		7195B56E21B4BE78006F6FA3 /* Release */ = {
			isa = XCBuildConfiguration;
			baseConfigurationReference = 9034400E15B838C58B94E7B2 /* Pods-BirdGang.release.xcconfig */;
			buildSettings = {
				ASSETCATALOG_COMPILER_APPICON_NAME = AppIcon;
				CODE_SIGN_STYLE = Automatic;
				DEVELOPMENT_TEAM = WQ3Z6M7DVG;
				INFOPLIST_FILE = BirdGang/Info.plist;
				LD_RUNPATH_SEARCH_PATHS = (
					"$(inherited)",
					"@executable_path/Frameworks",
				);
				PRODUCT_BUNDLE_IDENTIFIER = com.example.BirdGang;
				PRODUCT_NAME = "$(TARGET_NAME)";
				SWIFT_VERSION = 4.2;
				TARGETED_DEVICE_FAMILY = "1,2";
			};
			name = Release;
		};
		7195B57021B4BE78006F6FA3 /* Debug */ = {
			isa = XCBuildConfiguration;
			buildSettings = {
				ALWAYS_EMBED_SWIFT_STANDARD_LIBRARIES = YES;
				BUNDLE_LOADER = "$(TEST_HOST)";
				CODE_SIGN_STYLE = Automatic;
				DEVELOPMENT_TEAM = WQ3Z6M7DVG;
				INFOPLIST_FILE = BirdGangTests/Info.plist;
				LD_RUNPATH_SEARCH_PATHS = (
					"$(inherited)",
					"@executable_path/Frameworks",
					"@loader_path/Frameworks",
				);
				PRODUCT_BUNDLE_IDENTIFIER = com.example.BirdGangTests;
				PRODUCT_NAME = "$(TARGET_NAME)";
				SWIFT_VERSION = 4.2;
				TARGETED_DEVICE_FAMILY = "1,2";
				TEST_HOST = "$(BUILT_PRODUCTS_DIR)/BirdGang.app/BirdGang";
			};
			name = Debug;
		};
		7195B57121B4BE78006F6FA3 /* Release */ = {
			isa = XCBuildConfiguration;
			buildSettings = {
				ALWAYS_EMBED_SWIFT_STANDARD_LIBRARIES = YES;
				BUNDLE_LOADER = "$(TEST_HOST)";
				CODE_SIGN_STYLE = Automatic;
				DEVELOPMENT_TEAM = WQ3Z6M7DVG;
				INFOPLIST_FILE = BirdGangTests/Info.plist;
				LD_RUNPATH_SEARCH_PATHS = (
					"$(inherited)",
					"@executable_path/Frameworks",
					"@loader_path/Frameworks",
				);
				PRODUCT_BUNDLE_IDENTIFIER = com.example.BirdGangTests;
				PRODUCT_NAME = "$(TARGET_NAME)";
				SWIFT_VERSION = 4.2;
				TARGETED_DEVICE_FAMILY = "1,2";
				TEST_HOST = "$(BUILT_PRODUCTS_DIR)/BirdGang.app/BirdGang";
			};
			name = Release;
		};
/* End XCBuildConfiguration section */

/* Begin XCConfigurationList section */
		7195B54821B4BE78006F6FA3 /* Build configuration list for PBXProject "BirdGang" */ = {
			isa = XCConfigurationList;
			buildConfigurations = (
				7195B56A21B4BE78006F6FA3 /* Debug */,
				7195B56B21B4BE78006F6FA3 /* Release */,
			);
			defaultConfigurationIsVisible = 0;
			defaultConfigurationName = Release;
		};
		7195B56C21B4BE78006F6FA3 /* Build configuration list for PBXNativeTarget "BirdGang" */ = {
			isa = XCConfigurationList;
			buildConfigurations = (
				7195B56D21B4BE78006F6FA3 /* Debug */,
				7195B56E21B4BE78006F6FA3 /* Release */,
			);
			defaultConfigurationIsVisible = 0;
			defaultConfigurationName = Release;
		};
		7195B56F21B4BE78006F6FA3 /* Build configuration list for PBXNativeTarget "BirdGangTests" */ = {
			isa = XCConfigurationList;
			buildConfigurations = (
				7195B57021B4BE78006F6FA3 /* Debug */,
				7195B57121B4BE78006F6FA3 /* Release */,
			);
			defaultConfigurationIsVisible = 0;
			defaultConfigurationName = Release;
		};
/* End XCConfigurationList section */
	};
	rootObject = 7195B54521B4BE78006F6FA3 /* Project object */;
}
